// !$*UTF8*$!
{
	archiveVersion = 1;
	classes = {
	};
	objectVersion = 54;
	objects = {

/* Begin PBXBuildFile section */
		B636A8F12B749DD40084CD0A /* GitHubRepository.swift in Sources */ = {isa = PBXBuildFile; fileRef = B636A8F02B749DD40084CD0A /* GitHubRepository.swift */; };
		B636A8F32B74AA9A0084CD0A /* ImageDownloader.swift in Sources */ = {isa = PBXBuildFile; fileRef = B636A8F22B74AA9A0084CD0A /* ImageDownloader.swift */; };
		B636A8F52B74B6720084CD0A /* GitHubAPIClient.swift in Sources */ = {isa = PBXBuildFile; fileRef = B636A8F42B74B6720084CD0A /* GitHubAPIClient.swift */; };
		B636A8F92B74F3730084CD0A /* ImageCache.swift in Sources */ = {isa = PBXBuildFile; fileRef = B636A8F82B74F3730084CD0A /* ImageCache.swift */; };
		B636A8FB2B74FB400084CD0A /* ImageCacheState.swift in Sources */ = {isa = PBXBuildFile; fileRef = B636A8FA2B74FB400084CD0A /* ImageCacheState.swift */; };
		B636A8FD2B74FC5B0084CD0A /* ImageCacheStateTests.swift in Sources */ = {isa = PBXBuildFile; fileRef = B636A8FC2B74FC5B0084CD0A /* ImageCacheStateTests.swift */; };
		B636A8FF2B75006C0084CD0A /* ImageCacheTests.swift in Sources */ = {isa = PBXBuildFile; fileRef = B636A8FE2B75006C0084CD0A /* ImageCacheTests.swift */; };
		B636A9012B7506920084CD0A /* TestError.swift in Sources */ = {isa = PBXBuildFile; fileRef = B636A9002B7506920084CD0A /* TestError.swift */; };
		B636A9072B766A320084CD0A /* GitHubRepositoryTests.swift in Sources */ = {isa = PBXBuildFile; fileRef = B636A9062B766A320084CD0A /* GitHubRepositoryTests.swift */; };
		B636A90D2B76F40B0084CD0A /* GitHubSearcher.swift in Sources */ = {isa = PBXBuildFile; fileRef = B636A90C2B76F40B0084CD0A /* GitHubSearcher.swift */; };
		B636A90F2B76FA9C0084CD0A /* GitHubSearcherTests.swift in Sources */ = {isa = PBXBuildFile; fileRef = B636A90E2B76FA9C0084CD0A /* GitHubSearcherTests.swift */; };
		B636A9132B76FC0F0084CD0A /* GitHubRepositoryExtension.swift in Sources */ = {isa = PBXBuildFile; fileRef = B636A9122B76FC0F0084CD0A /* GitHubRepositoryExtension.swift */; };
		B636A9152B770EBB0084CD0A /* GitHubSearcherState.swift in Sources */ = {isa = PBXBuildFile; fileRef = B636A9142B770EBB0084CD0A /* GitHubSearcherState.swift */; };
		B636A9172B77558E0084CD0A /* RootNavigationController.swift in Sources */ = {isa = PBXBuildFile; fileRef = B636A9162B77558E0084CD0A /* RootNavigationController.swift */; };
		B636A9192B77560A0084CD0A /* NavigationRouter.swift in Sources */ = {isa = PBXBuildFile; fileRef = B636A9182B7756090084CD0A /* NavigationRouter.swift */; };
		B69AD34B2B779B6E0051CC84 /* NavigationRouterTests.swift in Sources */ = {isa = PBXBuildFile; fileRef = B69AD34A2B779B6E0051CC84 /* NavigationRouterTests.swift */; };
		B69AD34D2B77A5F50051CC84 /* URLSessionExtension.swift in Sources */ = {isa = PBXBuildFile; fileRef = B69AD34C2B77A5F50051CC84 /* URLSessionExtension.swift */; };
		B69AD34F2B77A9450051CC84 /* github-repositories.json in Resources */ = {isa = PBXBuildFile; fileRef = B69AD34E2B77A9450051CC84 /* github-repositories.json */; };
		B69AD3512B77A9A20051CC84 /* GitHubAPIClientTests.swift in Sources */ = {isa = PBXBuildFile; fileRef = B69AD3502B77A9A20051CC84 /* GitHubAPIClientTests.swift */; };
		B69AD3532B7848FF0051CC84 /* App.swift in Sources */ = {isa = PBXBuildFile; fileRef = B69AD3522B7848FF0051CC84 /* App.swift */; };
		B69AD3552B7854050051CC84 /* MainPresenter.swift in Sources */ = {isa = PBXBuildFile; fileRef = B69AD3542B7854050051CC84 /* MainPresenter.swift */; };
		B69AD3572B7855F50051CC84 /* MainContent.swift in Sources */ = {isa = PBXBuildFile; fileRef = B69AD3562B7855F50051CC84 /* MainContent.swift */; };
		B69AD3592B7866AA0051CC84 /* MainController.swift in Sources */ = {isa = PBXBuildFile; fileRef = B69AD3582B7866AA0051CC84 /* MainController.swift */; };
		B69AD35C2B78BE6F0051CC84 /* UITestContext.swift in Sources */ = {isa = PBXBuildFile; fileRef = B69AD35B2B78BE6F0051CC84 /* UITestContext.swift */; };
		B69AD3602B78C31E0051CC84 /* UITestContext.swift in Sources */ = {isa = PBXBuildFile; fileRef = B69AD35F2B78C31E0051CC84 /* UITestContext.swift */; };
		B69AD3642B78DB740051CC84 /* GitHubRepository.swift in Sources */ = {isa = PBXBuildFile; fileRef = B69AD3632B78DB740051CC84 /* GitHubRepository.swift */; };
		B69AD3662B7904980051CC84 /* DetailView.swift in Sources */ = {isa = PBXBuildFile; fileRef = B69AD3652B7904980051CC84 /* DetailView.swift */; };
		B69AD3682B7909560051CC84 /* DetailPresenter.swift in Sources */ = {isa = PBXBuildFile; fileRef = B69AD3672B7909560051CC84 /* DetailPresenter.swift */; };
		B69AD36A2B790E4E0051CC84 /* DetailViewController.swift in Sources */ = {isa = PBXBuildFile; fileRef = B69AD3692B790E4E0051CC84 /* DetailViewController.swift */; };
		B69AD36C2B79B56A0051CC84 /* Detail.swift in Sources */ = {isa = PBXBuildFile; fileRef = B69AD36B2B79B56A0051CC84 /* Detail.swift */; };
		BFD945DF244DC5E80012785A /* AppDelegate.swift in Sources */ = {isa = PBXBuildFile; fileRef = BFD945DE244DC5E80012785A /* AppDelegate.swift */; };
		BFD945E1244DC5E80012785A /* SceneDelegate.swift in Sources */ = {isa = PBXBuildFile; fileRef = BFD945E0244DC5E80012785A /* SceneDelegate.swift */; };
		BFD945E3244DC5E80012785A /* MainViewController.swift in Sources */ = {isa = PBXBuildFile; fileRef = BFD945E2244DC5E80012785A /* MainViewController.swift */; };
		BFD945E6244DC5E80012785A /* Main.storyboard in Resources */ = {isa = PBXBuildFile; fileRef = BFD945E4244DC5E80012785A /* Main.storyboard */; };
		BFD945E8244DC5EB0012785A /* Assets.xcassets in Resources */ = {isa = PBXBuildFile; fileRef = BFD945E7244DC5EB0012785A /* Assets.xcassets */; };
		BFD945EB244DC5EB0012785A /* LaunchScreen.storyboard in Resources */ = {isa = PBXBuildFile; fileRef = BFD945E9244DC5EB0012785A /* LaunchScreen.storyboard */; };
		BFD94601244DC5EC0012785A /* iOSEngineerCodeCheckUITests.swift in Sources */ = {isa = PBXBuildFile; fileRef = BFD94600244DC5EC0012785A /* iOSEngineerCodeCheckUITests.swift */; };
/* End PBXBuildFile section */

/* Begin PBXContainerItemProxy section */
		BFD945F2244DC5EB0012785A /* PBXContainerItemProxy */ = {
			isa = PBXContainerItemProxy;
			containerPortal = BFD945D3244DC5E80012785A /* Project object */;
			proxyType = 1;
			remoteGlobalIDString = BFD945DA244DC5E80012785A;
			remoteInfo = iOSEngineerCodeCheck;
		};
		BFD945FD244DC5EB0012785A /* PBXContainerItemProxy */ = {
			isa = PBXContainerItemProxy;
			containerPortal = BFD945D3244DC5E80012785A /* Project object */;
			proxyType = 1;
			remoteGlobalIDString = BFD945DA244DC5E80012785A;
			remoteInfo = iOSEngineerCodeCheck;
		};
/* End PBXContainerItemProxy section */

/* Begin PBXFileReference section */
		B636A8EE2B748B720084CD0A /* UnitTest.xctestplan */ = {isa = PBXFileReference; lastKnownFileType = text; path = UnitTest.xctestplan; sourceTree = "<group>"; };
		B636A8F02B749DD40084CD0A /* GitHubRepository.swift */ = {isa = PBXFileReference; lastKnownFileType = sourcecode.swift; path = GitHubRepository.swift; sourceTree = "<group>"; };
		B636A8F22B74AA9A0084CD0A /* ImageDownloader.swift */ = {isa = PBXFileReference; lastKnownFileType = sourcecode.swift; path = ImageDownloader.swift; sourceTree = "<group>"; };
		B636A8F42B74B6720084CD0A /* GitHubAPIClient.swift */ = {isa = PBXFileReference; lastKnownFileType = sourcecode.swift; path = GitHubAPIClient.swift; sourceTree = "<group>"; };
		B636A8F82B74F3730084CD0A /* ImageCache.swift */ = {isa = PBXFileReference; lastKnownFileType = sourcecode.swift; path = ImageCache.swift; sourceTree = "<group>"; };
		B636A8FA2B74FB400084CD0A /* ImageCacheState.swift */ = {isa = PBXFileReference; lastKnownFileType = sourcecode.swift; path = ImageCacheState.swift; sourceTree = "<group>"; };
		B636A8FC2B74FC5B0084CD0A /* ImageCacheStateTests.swift */ = {isa = PBXFileReference; lastKnownFileType = sourcecode.swift; path = ImageCacheStateTests.swift; sourceTree = "<group>"; };
		B636A8FE2B75006C0084CD0A /* ImageCacheTests.swift */ = {isa = PBXFileReference; lastKnownFileType = sourcecode.swift; path = ImageCacheTests.swift; sourceTree = "<group>"; };
		B636A9002B7506920084CD0A /* TestError.swift */ = {isa = PBXFileReference; lastKnownFileType = sourcecode.swift; path = TestError.swift; sourceTree = "<group>"; };
		B636A9062B766A320084CD0A /* GitHubRepositoryTests.swift */ = {isa = PBXFileReference; lastKnownFileType = sourcecode.swift; path = GitHubRepositoryTests.swift; sourceTree = "<group>"; };
		B636A90C2B76F40B0084CD0A /* GitHubSearcher.swift */ = {isa = PBXFileReference; lastKnownFileType = sourcecode.swift; path = GitHubSearcher.swift; sourceTree = "<group>"; };
		B636A90E2B76FA9C0084CD0A /* GitHubSearcherTests.swift */ = {isa = PBXFileReference; lastKnownFileType = sourcecode.swift; path = GitHubSearcherTests.swift; sourceTree = "<group>"; };
		B636A9122B76FC0F0084CD0A /* GitHubRepositoryExtension.swift */ = {isa = PBXFileReference; lastKnownFileType = sourcecode.swift; path = GitHubRepositoryExtension.swift; sourceTree = "<group>"; };
		B636A9142B770EBB0084CD0A /* GitHubSearcherState.swift */ = {isa = PBXFileReference; lastKnownFileType = sourcecode.swift; path = GitHubSearcherState.swift; sourceTree = "<group>"; };
		B636A9162B77558E0084CD0A /* RootNavigationController.swift */ = {isa = PBXFileReference; lastKnownFileType = sourcecode.swift; path = RootNavigationController.swift; sourceTree = "<group>"; };
		B636A9182B7756090084CD0A /* NavigationRouter.swift */ = {isa = PBXFileReference; lastKnownFileType = sourcecode.swift; path = NavigationRouter.swift; sourceTree = "<group>"; };
		B69AD34A2B779B6E0051CC84 /* NavigationRouterTests.swift */ = {isa = PBXFileReference; lastKnownFileType = sourcecode.swift; path = NavigationRouterTests.swift; sourceTree = "<group>"; };
		B69AD34C2B77A5F50051CC84 /* URLSessionExtension.swift */ = {isa = PBXFileReference; lastKnownFileType = sourcecode.swift; path = URLSessionExtension.swift; sourceTree = "<group>"; };
		B69AD34E2B77A9450051CC84 /* github-repositories.json */ = {isa = PBXFileReference; fileEncoding = 4; lastKnownFileType = text.json; path = "github-repositories.json"; sourceTree = "<group>"; };
		B69AD3502B77A9A20051CC84 /* GitHubAPIClientTests.swift */ = {isa = PBXFileReference; lastKnownFileType = sourcecode.swift; path = GitHubAPIClientTests.swift; sourceTree = "<group>"; };
		B69AD3522B7848FF0051CC84 /* App.swift */ = {isa = PBXFileReference; lastKnownFileType = sourcecode.swift; path = App.swift; sourceTree = "<group>"; };
		B69AD3542B7854050051CC84 /* MainPresenter.swift */ = {isa = PBXFileReference; lastKnownFileType = sourcecode.swift; path = MainPresenter.swift; sourceTree = "<group>"; };
		B69AD3562B7855F50051CC84 /* MainContent.swift */ = {isa = PBXFileReference; lastKnownFileType = sourcecode.swift; path = MainContent.swift; sourceTree = "<group>"; };
		B69AD3582B7866AA0051CC84 /* MainController.swift */ = {isa = PBXFileReference; lastKnownFileType = sourcecode.swift; path = MainController.swift; sourceTree = "<group>"; };
		B69AD35B2B78BE6F0051CC84 /* UITestContext.swift */ = {isa = PBXFileReference; lastKnownFileType = sourcecode.swift; path = UITestContext.swift; sourceTree = "<group>"; };
		B69AD35F2B78C31E0051CC84 /* UITestContext.swift */ = {isa = PBXFileReference; fileEncoding = 4; lastKnownFileType = sourcecode.swift; name = UITestContext.swift; path = iOSEngineerCodeCheck/UITestContext.swift; sourceTree = SOURCE_ROOT; };
		B69AD3632B78DB740051CC84 /* GitHubRepository.swift */ = {isa = PBXFileReference; fileEncoding = 4; lastKnownFileType = sourcecode.swift; name = GitHubRepository.swift; path = iOSEngineerCodeCheck/GitHubRepository.swift; sourceTree = SOURCE_ROOT; };
		B69AD3652B7904980051CC84 /* DetailView.swift */ = {isa = PBXFileReference; lastKnownFileType = sourcecode.swift; path = DetailView.swift; sourceTree = "<group>"; };
		B69AD3672B7909560051CC84 /* DetailPresenter.swift */ = {isa = PBXFileReference; lastKnownFileType = sourcecode.swift; path = DetailPresenter.swift; sourceTree = "<group>"; };
		B69AD3692B790E4E0051CC84 /* DetailViewController.swift */ = {isa = PBXFileReference; lastKnownFileType = sourcecode.swift; path = DetailViewController.swift; sourceTree = "<group>"; };
		B69AD36B2B79B56A0051CC84 /* Detail.swift */ = {isa = PBXFileReference; lastKnownFileType = sourcecode.swift; path = Detail.swift; sourceTree = "<group>"; };
		BFD945DB244DC5E80012785A /* iOSEngineerCodeCheck.app */ = {isa = PBXFileReference; explicitFileType = wrapper.application; includeInIndex = 0; path = iOSEngineerCodeCheck.app; sourceTree = BUILT_PRODUCTS_DIR; };
		BFD945DE244DC5E80012785A /* AppDelegate.swift */ = {isa = PBXFileReference; lastKnownFileType = sourcecode.swift; path = AppDelegate.swift; sourceTree = "<group>"; };
		BFD945E0244DC5E80012785A /* SceneDelegate.swift */ = {isa = PBXFileReference; lastKnownFileType = sourcecode.swift; path = SceneDelegate.swift; sourceTree = "<group>"; };
		BFD945E2244DC5E80012785A /* MainViewController.swift */ = {isa = PBXFileReference; lastKnownFileType = sourcecode.swift; path = MainViewController.swift; sourceTree = "<group>"; };
		BFD945E5244DC5E80012785A /* Base */ = {isa = PBXFileReference; lastKnownFileType = file.storyboard; name = Base; path = Base.lproj/Main.storyboard; sourceTree = "<group>"; };
		BFD945E7244DC5EB0012785A /* Assets.xcassets */ = {isa = PBXFileReference; lastKnownFileType = folder.assetcatalog; path = Assets.xcassets; sourceTree = "<group>"; };
		BFD945EA244DC5EB0012785A /* Base */ = {isa = PBXFileReference; lastKnownFileType = file.storyboard; name = Base; path = Base.lproj/LaunchScreen.storyboard; sourceTree = "<group>"; };
		BFD945EC244DC5EB0012785A /* Info.plist */ = {isa = PBXFileReference; lastKnownFileType = text.plist.xml; path = Info.plist; sourceTree = "<group>"; };
		BFD945F1244DC5EB0012785A /* iOSEngineerCodeCheckTests.xctest */ = {isa = PBXFileReference; explicitFileType = wrapper.cfbundle; includeInIndex = 0; path = iOSEngineerCodeCheckTests.xctest; sourceTree = BUILT_PRODUCTS_DIR; };
		BFD945F7244DC5EB0012785A /* Info.plist */ = {isa = PBXFileReference; lastKnownFileType = text.plist.xml; path = Info.plist; sourceTree = "<group>"; };
		BFD945FC244DC5EB0012785A /* iOSEngineerCodeCheckUITests.xctest */ = {isa = PBXFileReference; explicitFileType = wrapper.cfbundle; includeInIndex = 0; path = iOSEngineerCodeCheckUITests.xctest; sourceTree = BUILT_PRODUCTS_DIR; };
		BFD94600244DC5EC0012785A /* iOSEngineerCodeCheckUITests.swift */ = {isa = PBXFileReference; lastKnownFileType = sourcecode.swift; path = iOSEngineerCodeCheckUITests.swift; sourceTree = "<group>"; };
		BFD94602244DC5EC0012785A /* Info.plist */ = {isa = PBXFileReference; lastKnownFileType = text.plist.xml; path = Info.plist; sourceTree = "<group>"; };
/* End PBXFileReference section */

/* Begin PBXFrameworksBuildPhase section */
		BFD945D8244DC5E80012785A /* Frameworks */ = {
			isa = PBXFrameworksBuildPhase;
			buildActionMask = 2147483647;
			files = (
			);
			runOnlyForDeploymentPostprocessing = 0;
		};
		BFD945EE244DC5EB0012785A /* Frameworks */ = {
			isa = PBXFrameworksBuildPhase;
			buildActionMask = 2147483647;
			files = (
			);
			runOnlyForDeploymentPostprocessing = 0;
		};
		BFD945F9244DC5EB0012785A /* Frameworks */ = {
			isa = PBXFrameworksBuildPhase;
			buildActionMask = 2147483647;
			files = (
			);
			runOnlyForDeploymentPostprocessing = 0;
		};
/* End PBXFrameworksBuildPhase section */

/* Begin PBXGroup section */
		BFD945D2244DC5E80012785A = {
			isa = PBXGroup;
			children = (
				B636A8EE2B748B720084CD0A /* UnitTest.xctestplan */,
				BFD945DD244DC5E80012785A /* iOSEngineerCodeCheck */,
				BFD945F4244DC5EB0012785A /* iOSEngineerCodeCheckTests */,
				BFD945FF244DC5EB0012785A /* iOSEngineerCodeCheckUITests */,
				BFD945DC244DC5E80012785A /* Products */,
			);
			sourceTree = "<group>";
		};
		BFD945DC244DC5E80012785A /* Products */ = {
			isa = PBXGroup;
			children = (
				BFD945DB244DC5E80012785A /* iOSEngineerCodeCheck.app */,
				BFD945F1244DC5EB0012785A /* iOSEngineerCodeCheckTests.xctest */,
				BFD945FC244DC5EB0012785A /* iOSEngineerCodeCheckUITests.xctest */,
			);
			name = Products;
			sourceTree = "<group>";
		};
		BFD945DD244DC5E80012785A /* iOSEngineerCodeCheck */ = {
			isa = PBXGroup;
			children = (
				BFD945DE244DC5E80012785A /* AppDelegate.swift */,
				BFD945E0244DC5E80012785A /* SceneDelegate.swift */,
				B69AD3522B7848FF0051CC84 /* App.swift */,
				B69AD36B2B79B56A0051CC84 /* Detail.swift */,
				B636A9162B77558E0084CD0A /* RootNavigationController.swift */,
				B636A9182B7756090084CD0A /* NavigationRouter.swift */,
				BFD945E2244DC5E80012785A /* MainViewController.swift */,
				B69AD3542B7854050051CC84 /* MainPresenter.swift */,
				B69AD3582B7866AA0051CC84 /* MainController.swift */,
				B69AD3562B7855F50051CC84 /* MainContent.swift */,
				B69AD3692B790E4E0051CC84 /* DetailViewController.swift */,
				B69AD3652B7904980051CC84 /* DetailView.swift */,
				B69AD3672B7909560051CC84 /* DetailPresenter.swift */,
				B636A8F82B74F3730084CD0A /* ImageCache.swift */,
				B636A8FA2B74FB400084CD0A /* ImageCacheState.swift */,
				B636A90C2B76F40B0084CD0A /* GitHubSearcher.swift */,
				B636A9142B770EBB0084CD0A /* GitHubSearcherState.swift */,
				B636A8F02B749DD40084CD0A /* GitHubRepository.swift */,
				B636A8F42B74B6720084CD0A /* GitHubAPIClient.swift */,
				B636A8F22B74AA9A0084CD0A /* ImageDownloader.swift */,
				B69AD34C2B77A5F50051CC84 /* URLSessionExtension.swift */,
				B69AD35B2B78BE6F0051CC84 /* UITestContext.swift */,
				BFD945E4244DC5E80012785A /* Main.storyboard */,
				BFD945E7244DC5EB0012785A /* Assets.xcassets */,
				BFD945E9244DC5EB0012785A /* LaunchScreen.storyboard */,
				BFD945EC244DC5EB0012785A /* Info.plist */,
			);
			path = iOSEngineerCodeCheck;
			sourceTree = "<group>";
		};
		BFD945F4244DC5EB0012785A /* iOSEngineerCodeCheckTests */ = {
			isa = PBXGroup;
			children = (
				B636A8FC2B74FC5B0084CD0A /* ImageCacheStateTests.swift */,
				B636A8FE2B75006C0084CD0A /* ImageCacheTests.swift */,
				B636A9062B766A320084CD0A /* GitHubRepositoryTests.swift */,
				B636A90E2B76FA9C0084CD0A /* GitHubSearcherTests.swift */,
				B69AD34A2B779B6E0051CC84 /* NavigationRouterTests.swift */,
				B69AD3502B77A9A20051CC84 /* GitHubAPIClientTests.swift */,
				B636A9002B7506920084CD0A /* TestError.swift */,
				B636A9122B76FC0F0084CD0A /* GitHubRepositoryExtension.swift */,
				B69AD34E2B77A9450051CC84 /* github-repositories.json */,
				BFD945F7244DC5EB0012785A /* Info.plist */,
			);
			path = iOSEngineerCodeCheckTests;
			sourceTree = "<group>";
		};
		BFD945FF244DC5EB0012785A /* iOSEngineerCodeCheckUITests */ = {
			isa = PBXGroup;
			children = (
				BFD94600244DC5EC0012785A /* iOSEngineerCodeCheckUITests.swift */,
				B69AD35F2B78C31E0051CC84 /* UITestContext.swift */,
				B69AD3632B78DB740051CC84 /* GitHubRepository.swift */,
				BFD94602244DC5EC0012785A /* Info.plist */,
			);
			path = iOSEngineerCodeCheckUITests;
			sourceTree = "<group>";
		};
/* End PBXGroup section */

/* Begin PBXNativeTarget section */
		BFD945DA244DC5E80012785A /* iOSEngineerCodeCheck */ = {
			isa = PBXNativeTarget;
			buildConfigurationList = BFD94605244DC5EC0012785A /* Build configuration list for PBXNativeTarget "iOSEngineerCodeCheck" */;
			buildPhases = (
				B6F52CC62B747B4600435744 /* ShellScript */,
				BFD945D7244DC5E80012785A /* Sources */,
				BFD945D8244DC5E80012785A /* Frameworks */,
				BFD945D9244DC5E80012785A /* Resources */,
			);
			buildRules = (
			);
			dependencies = (
			);
			name = iOSEngineerCodeCheck;
			productName = iOSEngineerCodeCheck;
			productReference = BFD945DB244DC5E80012785A /* iOSEngineerCodeCheck.app */;
			productType = "com.apple.product-type.application";
		};
		BFD945F0244DC5EB0012785A /* iOSEngineerCodeCheckTests */ = {
			isa = PBXNativeTarget;
			buildConfigurationList = BFD94608244DC5EC0012785A /* Build configuration list for PBXNativeTarget "iOSEngineerCodeCheckTests" */;
			buildPhases = (
				BFD945ED244DC5EB0012785A /* Sources */,
				BFD945EE244DC5EB0012785A /* Frameworks */,
				BFD945EF244DC5EB0012785A /* Resources */,
			);
			buildRules = (
			);
			dependencies = (
				BFD945F3244DC5EB0012785A /* PBXTargetDependency */,
			);
			name = iOSEngineerCodeCheckTests;
			productName = iOSEngineerCodeCheckTests;
			productReference = BFD945F1244DC5EB0012785A /* iOSEngineerCodeCheckTests.xctest */;
			productType = "com.apple.product-type.bundle.unit-test";
		};
		BFD945FB244DC5EB0012785A /* iOSEngineerCodeCheckUITests */ = {
			isa = PBXNativeTarget;
			buildConfigurationList = BFD9460B244DC5EC0012785A /* Build configuration list for PBXNativeTarget "iOSEngineerCodeCheckUITests" */;
			buildPhases = (
				BFD945F8244DC5EB0012785A /* Sources */,
				BFD945F9244DC5EB0012785A /* Frameworks */,
				BFD945FA244DC5EB0012785A /* Resources */,
			);
			buildRules = (
			);
			dependencies = (
				BFD945FE244DC5EB0012785A /* PBXTargetDependency */,
			);
			name = iOSEngineerCodeCheckUITests;
			productName = iOSEngineerCodeCheckUITests;
			productReference = BFD945FC244DC5EB0012785A /* iOSEngineerCodeCheckUITests.xctest */;
			productType = "com.apple.product-type.bundle.ui-testing";
		};
/* End PBXNativeTarget section */

/* Begin PBXProject section */
		BFD945D3244DC5E80012785A /* Project object */ = {
			isa = PBXProject;
			attributes = {
				LastSwiftUpdateCheck = 1300;
				LastUpgradeCheck = 1300;
				ORGANIZATIONNAME = "YUMEMI Inc.";
				TargetAttributes = {
					BFD945DA244DC5E80012785A = {
						CreatedOnToolsVersion = 11.4.1;
					};
					BFD945F0244DC5EB0012785A = {
						CreatedOnToolsVersion = 11.4.1;
						TestTargetID = BFD945DA244DC5E80012785A;
					};
					BFD945FB244DC5EB0012785A = {
						CreatedOnToolsVersion = 11.4.1;
						TestTargetID = BFD945DA244DC5E80012785A;
					};
				};
			};
			buildConfigurationList = BFD945D6244DC5E80012785A /* Build configuration list for PBXProject "iOSEngineerCodeCheck" */;
			compatibilityVersion = "Xcode 9.3";
			developmentRegion = en;
			hasScannedForEncodings = 0;
			knownRegions = (
				en,
				Base,
			);
			mainGroup = BFD945D2244DC5E80012785A;
			productRefGroup = BFD945DC244DC5E80012785A /* Products */;
			projectDirPath = "";
			projectRoot = "";
			targets = (
				BFD945DA244DC5E80012785A /* iOSEngineerCodeCheck */,
				BFD945F0244DC5EB0012785A /* iOSEngineerCodeCheckTests */,
				BFD945FB244DC5EB0012785A /* iOSEngineerCodeCheckUITests */,
			);
		};
/* End PBXProject section */

/* Begin PBXResourcesBuildPhase section */
		BFD945D9244DC5E80012785A /* Resources */ = {
			isa = PBXResourcesBuildPhase;
			buildActionMask = 2147483647;
			files = (
				BFD945EB244DC5EB0012785A /* LaunchScreen.storyboard in Resources */,
				BFD945E8244DC5EB0012785A /* Assets.xcassets in Resources */,
				BFD945E6244DC5E80012785A /* Main.storyboard in Resources */,
			);
			runOnlyForDeploymentPostprocessing = 0;
		};
		BFD945EF244DC5EB0012785A /* Resources */ = {
			isa = PBXResourcesBuildPhase;
			buildActionMask = 2147483647;
			files = (
				B69AD34F2B77A9450051CC84 /* github-repositories.json in Resources */,
			);
			runOnlyForDeploymentPostprocessing = 0;
		};
		BFD945FA244DC5EB0012785A /* Resources */ = {
			isa = PBXResourcesBuildPhase;
			buildActionMask = 2147483647;
			files = (
			);
			runOnlyForDeploymentPostprocessing = 0;
		};
/* End PBXResourcesBuildPhase section */

/* Begin PBXShellScriptBuildPhase section */
		B6F52CC62B747B4600435744 /* ShellScript */ = {
			isa = PBXShellScriptBuildPhase;
			alwaysOutOfDate = 1;
			buildActionMask = 2147483647;
			files = (
			);
			inputFileListPaths = (
			);
			inputPaths = (
			);
			outputFileListPaths = (
			);
			outputPaths = (
			);
			runOnlyForDeploymentPostprocessing = 0;
			shellPath = /bin/sh;
			shellScript = "if [ $CI ]; then\n  exit\nfi\n\nexport PATH=$PATH:/opt/homebrew/bin\n\nif command -v swift-format &> /dev/null; then\n  swift-format -r . -i\nfi\n";
		};
/* End PBXShellScriptBuildPhase section */

/* Begin PBXSourcesBuildPhase section */
		BFD945D7244DC5E80012785A /* Sources */ = {
			isa = PBXSourcesBuildPhase;
			buildActionMask = 2147483647;
			files = (
				BFD945E3244DC5E80012785A /* MainViewController.swift in Sources */,
				B636A9152B770EBB0084CD0A /* GitHubSearcherState.swift in Sources */,
				B69AD3532B7848FF0051CC84 /* App.swift in Sources */,
				B69AD35C2B78BE6F0051CC84 /* UITestContext.swift in Sources */,
				B69AD3682B7909560051CC84 /* DetailPresenter.swift in Sources */,
				B69AD3592B7866AA0051CC84 /* MainController.swift in Sources */,
				B636A90D2B76F40B0084CD0A /* GitHubSearcher.swift in Sources */,
				B636A8F92B74F3730084CD0A /* ImageCache.swift in Sources */,
				B636A9172B77558E0084CD0A /* RootNavigationController.swift in Sources */,
				B69AD3572B7855F50051CC84 /* MainContent.swift in Sources */,
				B636A8F12B749DD40084CD0A /* GitHubRepository.swift in Sources */,
				BFD945DF244DC5E80012785A /* AppDelegate.swift in Sources */,
				B69AD36A2B790E4E0051CC84 /* DetailViewController.swift in Sources */,
				B69AD34D2B77A5F50051CC84 /* URLSessionExtension.swift in Sources */,
				B69AD3662B7904980051CC84 /* DetailView.swift in Sources */,
				B636A8F52B74B6720084CD0A /* GitHubAPIClient.swift in Sources */,
				B69AD3552B7854050051CC84 /* MainPresenter.swift in Sources */,
				B636A8F32B74AA9A0084CD0A /* ImageDownloader.swift in Sources */,
				B636A9192B77560A0084CD0A /* NavigationRouter.swift in Sources */,
				B636A8FB2B74FB400084CD0A /* ImageCacheState.swift in Sources */,
				B69AD36C2B79B56A0051CC84 /* Detail.swift in Sources */,
				BFD945E1244DC5E80012785A /* SceneDelegate.swift in Sources */,
			);
			runOnlyForDeploymentPostprocessing = 0;
		};
		BFD945ED244DC5EB0012785A /* Sources */ = {
			isa = PBXSourcesBuildPhase;
			buildActionMask = 2147483647;
			files = (
				B69AD34B2B779B6E0051CC84 /* NavigationRouterTests.swift in Sources */,
				B636A9132B76FC0F0084CD0A /* GitHubRepositoryExtension.swift in Sources */,
				B636A9072B766A320084CD0A /* GitHubRepositoryTests.swift in Sources */,
				B636A8FF2B75006C0084CD0A /* ImageCacheTests.swift in Sources */,
				B69AD3512B77A9A20051CC84 /* GitHubAPIClientTests.swift in Sources */,
				B636A9012B7506920084CD0A /* TestError.swift in Sources */,
				B636A90F2B76FA9C0084CD0A /* GitHubSearcherTests.swift in Sources */,
				B636A8FD2B74FC5B0084CD0A /* ImageCacheStateTests.swift in Sources */,
			);
			runOnlyForDeploymentPostprocessing = 0;
		};
		BFD945F8244DC5EB0012785A /* Sources */ = {
			isa = PBXSourcesBuildPhase;
			buildActionMask = 2147483647;
			files = (
				B69AD3642B78DB740051CC84 /* GitHubRepository.swift in Sources */,
				BFD94601244DC5EC0012785A /* iOSEngineerCodeCheckUITests.swift in Sources */,
				B69AD3602B78C31E0051CC84 /* UITestContext.swift in Sources */,
			);
			runOnlyForDeploymentPostprocessing = 0;
		};
/* End PBXSourcesBuildPhase section */

/* Begin PBXTargetDependency section */
		BFD945F3244DC5EB0012785A /* PBXTargetDependency */ = {
			isa = PBXTargetDependency;
			target = BFD945DA244DC5E80012785A /* iOSEngineerCodeCheck */;
			targetProxy = BFD945F2244DC5EB0012785A /* PBXContainerItemProxy */;
		};
		BFD945FE244DC5EB0012785A /* PBXTargetDependency */ = {
			isa = PBXTargetDependency;
			target = BFD945DA244DC5E80012785A /* iOSEngineerCodeCheck */;
			targetProxy = BFD945FD244DC5EB0012785A /* PBXContainerItemProxy */;
		};
/* End PBXTargetDependency section */

/* Begin PBXVariantGroup section */
		BFD945E4244DC5E80012785A /* Main.storyboard */ = {
			isa = PBXVariantGroup;
			children = (
				BFD945E5244DC5E80012785A /* Base */,
			);
			name = Main.storyboard;
			sourceTree = "<group>";
		};
		BFD945E9244DC5EB0012785A /* LaunchScreen.storyboard */ = {
			isa = PBXVariantGroup;
			children = (
				BFD945EA244DC5EB0012785A /* Base */,
			);
			name = LaunchScreen.storyboard;
			sourceTree = "<group>";
		};
/* End PBXVariantGroup section */

/* Begin XCBuildConfiguration section */
		BFD94603244DC5EC0012785A /* Debug */ = {
			isa = XCBuildConfiguration;
			buildSettings = {
				ALWAYS_SEARCH_USER_PATHS = NO;
				CLANG_ANALYZER_NONNULL = YES;
				CLANG_ANALYZER_NUMBER_OBJECT_CONVERSION = YES_AGGRESSIVE;
				CLANG_CXX_LANGUAGE_STANDARD = "gnu++14";
				CLANG_CXX_LIBRARY = "libc++";
				CLANG_ENABLE_MODULES = YES;
				CLANG_ENABLE_OBJC_ARC = YES;
				CLANG_ENABLE_OBJC_WEAK = YES;
				CLANG_WARN_BLOCK_CAPTURE_AUTORELEASING = YES;
				CLANG_WARN_BOOL_CONVERSION = YES;
				CLANG_WARN_COMMA = YES;
				CLANG_WARN_CONSTANT_CONVERSION = YES;
				CLANG_WARN_DEPRECATED_OBJC_IMPLEMENTATIONS = YES;
				CLANG_WARN_DIRECT_OBJC_ISA_USAGE = YES_ERROR;
				CLANG_WARN_DOCUMENTATION_COMMENTS = YES;
				CLANG_WARN_EMPTY_BODY = YES;
				CLANG_WARN_ENUM_CONVERSION = YES;
				CLANG_WARN_INFINITE_RECURSION = YES;
				CLANG_WARN_INT_CONVERSION = YES;
				CLANG_WARN_NON_LITERAL_NULL_CONVERSION = YES;
				CLANG_WARN_OBJC_IMPLICIT_RETAIN_SELF = YES;
				CLANG_WARN_OBJC_LITERAL_CONVERSION = YES;
				CLANG_WARN_OBJC_ROOT_CLASS = YES_ERROR;
				CLANG_WARN_QUOTED_INCLUDE_IN_FRAMEWORK_HEADER = YES;
				CLANG_WARN_RANGE_LOOP_ANALYSIS = YES;
				CLANG_WARN_STRICT_PROTOTYPES = YES;
				CLANG_WARN_SUSPICIOUS_MOVE = YES;
				CLANG_WARN_UNGUARDED_AVAILABILITY = YES_AGGRESSIVE;
				CLANG_WARN_UNREACHABLE_CODE = YES;
				CLANG_WARN__DUPLICATE_METHOD_MATCH = YES;
				COPY_PHASE_STRIP = NO;
				DEBUG_INFORMATION_FORMAT = dwarf;
				ENABLE_STRICT_OBJC_MSGSEND = YES;
				ENABLE_TESTABILITY = YES;
				GCC_C_LANGUAGE_STANDARD = gnu11;
				GCC_DYNAMIC_NO_PIC = NO;
				GCC_NO_COMMON_BLOCKS = YES;
				GCC_OPTIMIZATION_LEVEL = 0;
				GCC_PREPROCESSOR_DEFINITIONS = (
					"DEBUG=1",
					"$(inherited)",
				);
				GCC_WARN_64_TO_32_BIT_CONVERSION = YES;
				GCC_WARN_ABOUT_RETURN_TYPE = YES_ERROR;
				GCC_WARN_UNDECLARED_SELECTOR = YES;
				GCC_WARN_UNINITIALIZED_AUTOS = YES_AGGRESSIVE;
				GCC_WARN_UNUSED_FUNCTION = YES;
				GCC_WARN_UNUSED_VARIABLE = YES;
				IPHONEOS_DEPLOYMENT_TARGET = 15.0;
				MTL_ENABLE_DEBUG_INFO = INCLUDE_SOURCE;
				MTL_FAST_MATH = YES;
				ONLY_ACTIVE_ARCH = YES;
				SDKROOT = iphoneos;
				SWIFT_ACTIVE_COMPILATION_CONDITIONS = DEBUG;
				SWIFT_OPTIMIZATION_LEVEL = "-Onone";
			};
			name = Debug;
		};
		BFD94604244DC5EC0012785A /* Release */ = {
			isa = XCBuildConfiguration;
			buildSettings = {
				ALWAYS_SEARCH_USER_PATHS = NO;
				CLANG_ANALYZER_NONNULL = YES;
				CLANG_ANALYZER_NUMBER_OBJECT_CONVERSION = YES_AGGRESSIVE;
				CLANG_CXX_LANGUAGE_STANDARD = "gnu++14";
				CLANG_CXX_LIBRARY = "libc++";
				CLANG_ENABLE_MODULES = YES;
				CLANG_ENABLE_OBJC_ARC = YES;
				CLANG_ENABLE_OBJC_WEAK = YES;
				CLANG_WARN_BLOCK_CAPTURE_AUTORELEASING = YES;
				CLANG_WARN_BOOL_CONVERSION = YES;
				CLANG_WARN_COMMA = YES;
				CLANG_WARN_CONSTANT_CONVERSION = YES;
				CLANG_WARN_DEPRECATED_OBJC_IMPLEMENTATIONS = YES;
				CLANG_WARN_DIRECT_OBJC_ISA_USAGE = YES_ERROR;
				CLANG_WARN_DOCUMENTATION_COMMENTS = YES;
				CLANG_WARN_EMPTY_BODY = YES;
				CLANG_WARN_ENUM_CONVERSION = YES;
				CLANG_WARN_INFINITE_RECURSION = YES;
				CLANG_WARN_INT_CONVERSION = YES;
				CLANG_WARN_NON_LITERAL_NULL_CONVERSION = YES;
				CLANG_WARN_OBJC_IMPLICIT_RETAIN_SELF = YES;
				CLANG_WARN_OBJC_LITERAL_CONVERSION = YES;
				CLANG_WARN_OBJC_ROOT_CLASS = YES_ERROR;
				CLANG_WARN_QUOTED_INCLUDE_IN_FRAMEWORK_HEADER = YES;
				CLANG_WARN_RANGE_LOOP_ANALYSIS = YES;
				CLANG_WARN_STRICT_PROTOTYPES = YES;
				CLANG_WARN_SUSPICIOUS_MOVE = YES;
				CLANG_WARN_UNGUARDED_AVAILABILITY = YES_AGGRESSIVE;
				CLANG_WARN_UNREACHABLE_CODE = YES;
				CLANG_WARN__DUPLICATE_METHOD_MATCH = YES;
				COPY_PHASE_STRIP = NO;
				DEBUG_INFORMATION_FORMAT = "dwarf-with-dsym";
				ENABLE_NS_ASSERTIONS = NO;
				ENABLE_STRICT_OBJC_MSGSEND = YES;
				GCC_C_LANGUAGE_STANDARD = gnu11;
				GCC_NO_COMMON_BLOCKS = YES;
				GCC_WARN_64_TO_32_BIT_CONVERSION = YES;
				GCC_WARN_ABOUT_RETURN_TYPE = YES_ERROR;
				GCC_WARN_UNDECLARED_SELECTOR = YES;
				GCC_WARN_UNINITIALIZED_AUTOS = YES_AGGRESSIVE;
				GCC_WARN_UNUSED_FUNCTION = YES;
				GCC_WARN_UNUSED_VARIABLE = YES;
				IPHONEOS_DEPLOYMENT_TARGET = 15.0;
				MTL_ENABLE_DEBUG_INFO = NO;
				MTL_FAST_MATH = YES;
				SDKROOT = iphoneos;
				SWIFT_COMPILATION_MODE = wholemodule;
				SWIFT_OPTIMIZATION_LEVEL = "-O";
				VALIDATE_PRODUCT = YES;
			};
			name = Release;
		};
		BFD94606244DC5EC0012785A /* Debug */ = {
			isa = XCBuildConfiguration;
			buildSettings = {
				ASSETCATALOG_COMPILER_APPICON_NAME = AppIcon;
				CODE_SIGN_STYLE = Automatic;
				DEVELOPMENT_TEAM = "";
				INFOPLIST_FILE = iOSEngineerCodeCheck/Info.plist;
				LD_RUNPATH_SEARCH_PATHS = (
					"$(inherited)",
					"@executable_path/Frameworks",
				);
				PRODUCT_BUNDLE_IDENTIFIER = jp.yumemi.iOSEngineerCodeCheck;
				PRODUCT_NAME = "$(TARGET_NAME)";
				SWIFT_VERSION = 5.0;
				TARGETED_DEVICE_FAMILY = "1,2";
			};
			name = Debug;
		};
		BFD94607244DC5EC0012785A /* Release */ = {
			isa = XCBuildConfiguration;
			buildSettings = {
				ASSETCATALOG_COMPILER_APPICON_NAME = AppIcon;
				CODE_SIGN_STYLE = Automatic;
				DEVELOPMENT_TEAM = "";
				INFOPLIST_FILE = iOSEngineerCodeCheck/Info.plist;
				LD_RUNPATH_SEARCH_PATHS = (
					"$(inherited)",
					"@executable_path/Frameworks",
				);
				PRODUCT_BUNDLE_IDENTIFIER = jp.yumemi.iOSEngineerCodeCheck;
				PRODUCT_NAME = "$(TARGET_NAME)";
				SWIFT_VERSION = 5.0;
				TARGETED_DEVICE_FAMILY = "1,2";
			};
			name = Release;
		};
		BFD94609244DC5EC0012785A /* Debug */ = {
			isa = XCBuildConfiguration;
			buildSettings = {
				ALWAYS_EMBED_SWIFT_STANDARD_LIBRARIES = YES;
				BUNDLE_LOADER = "$(TEST_HOST)";
				CODE_SIGN_STYLE = Automatic;
				DEVELOPMENT_TEAM = S7G9J68NLX;
				INFOPLIST_FILE = iOSEngineerCodeCheckTests/Info.plist;
				LD_RUNPATH_SEARCH_PATHS = (
					"$(inherited)",
					"@executable_path/Frameworks",
					"@loader_path/Frameworks",
				);
				PRODUCT_BUNDLE_IDENTIFIER = jp.yumemi.iOSEngineerCodeCheckTests;
				PRODUCT_NAME = "$(TARGET_NAME)";
				SWIFT_VERSION = 5.0;
				TARGETED_DEVICE_FAMILY = "1,2";
				TEST_HOST = "$(BUILT_PRODUCTS_DIR)/iOSEngineerCodeCheck.app/iOSEngineerCodeCheck";
			};
			name = Debug;
		};
		BFD9460A244DC5EC0012785A /* Release */ = {
			isa = XCBuildConfiguration;
			buildSettings = {
				ALWAYS_EMBED_SWIFT_STANDARD_LIBRARIES = YES;
				BUNDLE_LOADER = "$(TEST_HOST)";
				CODE_SIGN_STYLE = Automatic;
				DEVELOPMENT_TEAM = S7G9J68NLX;
				INFOPLIST_FILE = iOSEngineerCodeCheckTests/Info.plist;
				LD_RUNPATH_SEARCH_PATHS = (
					"$(inherited)",
					"@executable_path/Frameworks",
					"@loader_path/Frameworks",
				);
				PRODUCT_BUNDLE_IDENTIFIER = jp.yumemi.iOSEngineerCodeCheckTests;
				PRODUCT_NAME = "$(TARGET_NAME)";
				SWIFT_VERSION = 5.0;
				TARGETED_DEVICE_FAMILY = "1,2";
				TEST_HOST = "$(BUILT_PRODUCTS_DIR)/iOSEngineerCodeCheck.app/iOSEngineerCodeCheck";
			};
			name = Release;
		};
		BFD9460C244DC5EC0012785A /* Debug */ = {
			isa = XCBuildConfiguration;
			buildSettings = {
				ALWAYS_EMBED_SWIFT_STANDARD_LIBRARIES = YES;
				CODE_SIGN_STYLE = Automatic;
				DEVELOPMENT_TEAM = S7G9J68NLX;
				INFOPLIST_FILE = iOSEngineerCodeCheckUITests/Info.plist;
				LD_RUNPATH_SEARCH_PATHS = (
					"$(inherited)",
					"@executable_path/Frameworks",
					"@loader_path/Frameworks",
				);
				PRODUCT_BUNDLE_IDENTIFIER = jp.yumemi.iOSEngineerCodeCheckUITests;
				PRODUCT_NAME = "$(TARGET_NAME)";
				SWIFT_VERSION = 5.0;
				TARGETED_DEVICE_FAMILY = "1,2";
				TEST_TARGET_NAME = iOSEngineerCodeCheck;
			};
			name = Debug;
		};
		BFD9460D244DC5EC0012785A /* Release */ = {
			isa = XCBuildConfiguration;
			buildSettings = {
				ALWAYS_EMBED_SWIFT_STANDARD_LIBRARIES = YES;
				CODE_SIGN_STYLE = Automatic;
				DEVELOPMENT_TEAM = S7G9J68NLX;
				INFOPLIST_FILE = iOSEngineerCodeCheckUITests/Info.plist;
				LD_RUNPATH_SEARCH_PATHS = (
					"$(inherited)",
					"@executable_path/Frameworks",
					"@loader_path/Frameworks",
				);
				PRODUCT_BUNDLE_IDENTIFIER = jp.yumemi.iOSEngineerCodeCheckUITests;
				PRODUCT_NAME = "$(TARGET_NAME)";
				SWIFT_VERSION = 5.0;
				TARGETED_DEVICE_FAMILY = "1,2";
				TEST_TARGET_NAME = iOSEngineerCodeCheck;
			};
			name = Release;
		};
/* End XCBuildConfiguration section */

/* Begin XCConfigurationList section */
		BFD945D6244DC5E80012785A /* Build configuration list for PBXProject "iOSEngineerCodeCheck" */ = {
			isa = XCConfigurationList;
			buildConfigurations = (
				BFD94603244DC5EC0012785A /* Debug */,
				BFD94604244DC5EC0012785A /* Release */,
			);
			defaultConfigurationIsVisible = 0;
			defaultConfigurationName = Release;
		};
		BFD94605244DC5EC0012785A /* Build configuration list for PBXNativeTarget "iOSEngineerCodeCheck" */ = {
			isa = XCConfigurationList;
			buildConfigurations = (
				BFD94606244DC5EC0012785A /* Debug */,
				BFD94607244DC5EC0012785A /* Release */,
			);
			defaultConfigurationIsVisible = 0;
			defaultConfigurationName = Release;
		};
		BFD94608244DC5EC0012785A /* Build configuration list for PBXNativeTarget "iOSEngineerCodeCheckTests" */ = {
			isa = XCConfigurationList;
			buildConfigurations = (
				BFD94609244DC5EC0012785A /* Debug */,
				BFD9460A244DC5EC0012785A /* Release */,
			);
			defaultConfigurationIsVisible = 0;
			defaultConfigurationName = Release;
		};
		BFD9460B244DC5EC0012785A /* Build configuration list for PBXNativeTarget "iOSEngineerCodeCheckUITests" */ = {
			isa = XCConfigurationList;
			buildConfigurations = (
				BFD9460C244DC5EC0012785A /* Debug */,
				BFD9460D244DC5EC0012785A /* Release */,
			);
			defaultConfigurationIsVisible = 0;
			defaultConfigurationName = Release;
		};
/* End XCConfigurationList section */
	};
	rootObject = BFD945D3244DC5E80012785A /* Project object */;
}
